
Microsoft Visual Studio Solution File, Format Version 12.00
# Visual Studio Version 16
VisualStudioVersion = 16.0.30204.135
MinimumVisualStudioVersion = 10.0.40219.1
Project("{9A19103F-16F7-4668-BE54-9A1E7A4F7556}") = "TwoSum", "TwoSum\TwoSum.csproj", "{ADD4833C-A729-4AA3-99BC-8175ED4D8A46}"
EndProject
Project("{FAE04EC0-301F-11D3-BF4B-00C04F79EFBC}") = "LeedCodeTest", "LeedCodeTest\LeedCodeTest.csproj", "{CCF7BADC-02A6-49C8-8BFC-82FDAEBCDA43}"
EndProject
Global
	GlobalSection(SolutionConfigurationPlatforms) = preSolution
		Debug|Any CPU = Debug|Any CPU
		Release|Any CPU = Release|Any CPU
	EndGlobalSection
	GlobalSection(ProjectConfigurationPlatforms) = postSolution
		{ADD4833C-A729-4AA3-99BC-8175ED4D8A46}.Debug|Any CPU.ActiveCfg = Debug|Any CPU
		{ADD4833C-A729-4AA3-99BC-8175ED4D8A46}.Debug|Any CPU.Build.0 = Debug|Any CPU
		{ADD4833C-A729-4AA3-99BC-8175ED4D8A46}.Release|Any CPU.ActiveCfg = Release|Any CPU
		{ADD4833C-A729-4AA3-99BC-8175ED4D8A46}.Release|Any CPU.Build.0 = Release|Any CPU
		{CCF7BADC-02A6-49C8-8BFC-82FDAEBCDA43}.Debug|Any CPU.ActiveCfg = Debug|Any CPU
		{CCF7BADC-02A6-49C8-8BFC-82FDAEBCDA43}.Debug|Any CPU.Build.0 = Debug|Any CPU
		{CCF7BADC-02A6-49C8-8BFC-82FDAEBCDA43}.Release|Any CPU.ActiveCfg = Release|Any CPU
		{CCF7BADC-02A6-49C8-8BFC-82FDAEBCDA43}.Release|Any CPU.Build.0 = Release|Any CPU
	EndGlobalSection
	GlobalSection(SolutionProperties) = preSolution
		HideSolutionNode = FALSE
	EndGlobalSection
	GlobalSection(ExtensibilityGlobals) = postSolution
		SolutionGuid = {5C705EA8-4793-44C3-9DDE-2D87C38642CE}
	EndGlobalSection
EndGlobal
